
Microsoft Visual Studio Solution File, Format Version 12.00
# Visual Studio Version 16
VisualStudioVersion = 16.0.28803.202
MinimumVisualStudioVersion = 10.0.40219.1
Project("{9A19103F-16F7-4668-BE54-9A1E7A4F7556}") = "UntisExport", "UntisExport\UntisExport.csproj", "{9FBA9573-FAA5-4E6F-BF9F-114200776602}"
EndProject
Project("{9A19103F-16F7-4668-BE54-9A1E7A4F7556}") = "UntisExport.Test", "UntisExport.Test\UntisExport.Test.csproj", "{3D0B1435-FCF6-4E64-B770-B34A5D24888E}"
EndProject
Project("{FAE04EC0-301F-11D3-BF4B-00C04F79EFBC}") = "UntisExport.Test.Console", "UntisExport.Test.Console\UntisExport.Test.Console.csproj", "{9BA674E2-D73C-4914-8E38-25EC0EB4F3D0}"
EndProject
Global
	GlobalSection(SolutionConfigurationPlatforms) = preSolution
		Debug|Any CPU = Debug|Any CPU
		Debug|x64 = Debug|x64
		Debug|x86 = Debug|x86
		Release|Any CPU = Release|Any CPU
		Release|x64 = Release|x64
		Release|x86 = Release|x86
	EndGlobalSection
	GlobalSection(ProjectConfigurationPlatforms) = postSolution
		{9FBA9573-FAA5-4E6F-BF9F-114200776602}.Debug|Any CPU.ActiveCfg = Debug|Any CPU
		{9FBA9573-FAA5-4E6F-BF9F-114200776602}.Debug|Any CPU.Build.0 = Debug|Any CPU
		{9FBA9573-FAA5-4E6F-BF9F-114200776602}.Debug|x64.ActiveCfg = Debug|Any CPU
		{9FBA9573-FAA5-4E6F-BF9F-114200776602}.Debug|x64.Build.0 = Debug|Any CPU
		{9FBA9573-FAA5-4E6F-BF9F-114200776602}.Debug|x86.ActiveCfg = Debug|Any CPU
		{9FBA9573-FAA5-4E6F-BF9F-114200776602}.Debug|x86.Build.0 = Debug|Any CPU
		{9FBA9573-FAA5-4E6F-BF9F-114200776602}.Release|Any CPU.ActiveCfg = Release|Any CPU
		{9FBA9573-FAA5-4E6F-BF9F-114200776602}.Release|Any CPU.Build.0 = Release|Any CPU
		{9FBA9573-FAA5-4E6F-BF9F-114200776602}.Release|x64.ActiveCfg = Release|Any CPU
		{9FBA9573-FAA5-4E6F-BF9F-114200776602}.Release|x64.Build.0 = Release|Any CPU
		{9FBA9573-FAA5-4E6F-BF9F-114200776602}.Release|x86.ActiveCfg = Release|Any CPU
		{9FBA9573-FAA5-4E6F-BF9F-114200776602}.Release|x86.Build.0 = Release|Any CPU
		{3D0B1435-FCF6-4E64-B770-B34A5D24888E}.Debug|Any CPU.ActiveCfg = Debug|Any CPU
		{3D0B1435-FCF6-4E64-B770-B34A5D24888E}.Debug|Any CPU.Build.0 = Debug|Any CPU
		{3D0B1435-FCF6-4E64-B770-B34A5D24888E}.Debug|x64.ActiveCfg = Debug|Any CPU
		{3D0B1435-FCF6-4E64-B770-B34A5D24888E}.Debug|x64.Build.0 = Debug|Any CPU
		{3D0B1435-FCF6-4E64-B770-B34A5D24888E}.Debug|x86.ActiveCfg = Debug|Any CPU
		{3D0B1435-FCF6-4E64-B770-B34A5D24888E}.Debug|x86.Build.0 = Debug|Any CPU
		{3D0B1435-FCF6-4E64-B770-B34A5D24888E}.Release|Any CPU.ActiveCfg = Release|Any CPU
		{3D0B1435-FCF6-4E64-B770-B34A5D24888E}.Release|Any CPU.Build.0 = Release|Any CPU
		{3D0B1435-FCF6-4E64-B770-B34A5D24888E}.Release|x64.ActiveCfg = Release|Any CPU
		{3D0B1435-FCF6-4E64-B770-B34A5D24888E}.Release|x64.Build.0 = Release|Any CPU
		{3D0B1435-FCF6-4E64-B770-B34A5D24888E}.Release|x86.ActiveCfg = Release|Any CPU
		{3D0B1435-FCF6-4E64-B770-B34A5D24888E}.Release|x86.Build.0 = Release|Any CPU
		{9BA674E2-D73C-4914-8E38-25EC0EB4F3D0}.Debug|Any CPU.ActiveCfg = Debug|Any CPU
		{9BA674E2-D73C-4914-8E38-25EC0EB4F3D0}.Debug|Any CPU.Build.0 = Debug|Any CPU
		{9BA674E2-D73C-4914-8E38-25EC0EB4F3D0}.Debug|x64.ActiveCfg = Debug|Any CPU
		{9BA674E2-D73C-4914-8E38-25EC0EB4F3D0}.Debug|x64.Build.0 = Debug|Any CPU
		{9BA674E2-D73C-4914-8E38-25EC0EB4F3D0}.Debug|x86.ActiveCfg = Debug|Any CPU
		{9BA674E2-D73C-4914-8E38-25EC0EB4F3D0}.Debug|x86.Build.0 = Debug|Any CPU
		{9BA674E2-D73C-4914-8E38-25EC0EB4F3D0}.Release|Any CPU.ActiveCfg = Release|Any CPU
		{9BA674E2-D73C-4914-8E38-25EC0EB4F3D0}.Release|Any CPU.Build.0 = Release|Any CPU
		{9BA674E2-D73C-4914-8E38-25EC0EB4F3D0}.Release|x64.ActiveCfg = Release|Any CPU
		{9BA674E2-D73C-4914-8E38-25EC0EB4F3D0}.Release|x64.Build.0 = Release|Any CPU
		{9BA674E2-D73C-4914-8E38-25EC0EB4F3D0}.Release|x86.ActiveCfg = Release|Any CPU
		{9BA674E2-D73C-4914-8E38-25EC0EB4F3D0}.Release|x86.Build.0 = Release|Any CPU
	EndGlobalSection
	GlobalSection(SolutionProperties) = preSolution
		HideSolutionNode = FALSE
	EndGlobalSection
	GlobalSection(ExtensibilityGlobals) = postSolution
		SolutionGuid = {0E5F6693-C674-48BC-939E-91458258F9D8}
	EndGlobalSection
EndGlobal
